
Microsoft Visual Studio Solution File, Format Version 12.00
# Visual Studio Version 17
VisualStudioVersion = 17.5.33502.453
MinimumVisualStudioVersion = 10.0.40219.1
Project("{FAE04EC0-301F-11D3-BF4B-00C04F79EFBC}") = "Naloga4.Server", "Naloga4\Server\Naloga4.Server.csproj", "{B15BEACD-EB2C-4D92-AD98-7C357776E5BB}"
EndProject
Project("{FAE04EC0-301F-11D3-BF4B-00C04F79EFBC}") = "Naloga4.Client", "Naloga4\Client\Naloga4.Client.csproj", "{37B94252-5CCB-4426-9B04-8AF33C0253B7}"
EndProject
Project("{FAE04EC0-301F-11D3-BF4B-00C04F79EFBC}") = "Naloga4.Shared", "Naloga4\Shared\Naloga4.Shared.csproj", "{7C386B13-AD8C-4C14-A52F-7B17AA7BEC0C}"
EndProject
Global
	GlobalSection(SolutionConfigurationPlatforms) = preSolution
		Debug|Any CPU = Debug|Any CPU
		Release|Any CPU = Release|Any CPU
	EndGlobalSection
	GlobalSection(ProjectConfigurationPlatforms) = postSolution
		{B15BEACD-EB2C-4D92-AD98-7C357776E5BB}.Debug|Any CPU.ActiveCfg = Debug|Any CPU
		{B15BEACD-EB2C-4D92-AD98-7C357776E5BB}.Debug|Any CPU.Build.0 = Debug|Any CPU
		{B15BEACD-EB2C-4D92-AD98-7C357776E5BB}.Release|Any CPU.ActiveCfg = Release|Any CPU
		{B15BEACD-EB2C-4D92-AD98-7C357776E5BB}.Release|Any CPU.Build.0 = Release|Any CPU
		{37B94252-5CCB-4426-9B04-8AF33C0253B7}.Debug|Any CPU.ActiveCfg = Debug|Any CPU
		{37B94252-5CCB-4426-9B04-8AF33C0253B7}.Debug|Any CPU.Build.0 = Debug|Any CPU
		{37B94252-5CCB-4426-9B04-8AF33C0253B7}.Release|Any CPU.ActiveCfg = Release|Any CPU
		{37B94252-5CCB-4426-9B04-8AF33C0253B7}.Release|Any CPU.Build.0 = Release|Any CPU
		{7C386B13-AD8C-4C14-A52F-7B17AA7BEC0C}.Debug|Any CPU.ActiveCfg = Debug|Any CPU
		{7C386B13-AD8C-4C14-A52F-7B17AA7BEC0C}.Debug|Any CPU.Build.0 = Debug|Any CPU
		{7C386B13-AD8C-4C14-A52F-7B17AA7BEC0C}.Release|Any CPU.ActiveCfg = Release|Any CPU
		{7C386B13-AD8C-4C14-A52F-7B17AA7BEC0C}.Release|Any CPU.Build.0 = Release|Any CPU
	EndGlobalSection
	GlobalSection(SolutionProperties) = preSolution
		HideSolutionNode = FALSE
	EndGlobalSection
	GlobalSection(ExtensibilityGlobals) = postSolution
		SolutionGuid = {56F6182A-F0FE-4618-8AA5-C1B87620AC47}
	EndGlobalSection
EndGlobal
